// !$*UTF8*$!
{
	archiveVersion = 1;
	classes = {
	};
	objectVersion = 46;
	objects = {

/* Begin PBXBuildFile section */
		FE4B06861A3A2E210067F49C /* Employee.cpp in Sources */ = {isa = PBXBuildFile; fileRef = FE4B067A1A3A2E210067F49C /* Employee.cpp */; };
		FE4B06871A3A2E210067F49C /* main.cpp in Sources */ = {isa = PBXBuildFile; fileRef = FE4B067C1A3A2E210067F49C /* main.cpp */; };
		FE4B06881A3A2E210067F49C /* Prob1Random.cpp in Sources */ = {isa = PBXBuildFile; fileRef = FE4B067D1A3A2E210067F49C /* Prob1Random.cpp */; };
		FE4B06891A3A2E210067F49C /* SavingsAccount.cpp in Sources */ = {isa = PBXBuildFile; fileRef = FE4B06841A3A2E210067F49C /* SavingsAccount.cpp */; };
/* End PBXBuildFile section */

/* Begin PBXCopyFilesBuildPhase section */
		FE4B063F1A368B950067F49C /* CopyFiles */ = {
			isa = PBXCopyFilesBuildPhase;
			buildActionMask = 2147483647;
			dstPath = /usr/share/man/man1/;
			dstSubfolderSpec = 0;
			files = (
			);
			runOnlyForDeploymentPostprocessing = 1;
		};
/* End PBXCopyFilesBuildPhase section */

/* Begin PBXFileReference section */
		FE4B06411A368B950067F49C /* Final */ = {isa = PBXFileReference; explicitFileType = "compiled.mach-o.executable"; includeInIndex = 0; path = Final; sourceTree = BUILT_PRODUCTS_DIR; };
		FE4B067A1A3A2E210067F49C /* Employee.cpp */ = {isa = PBXFileReference; fileEncoding = 4; lastKnownFileType = sourcecode.cpp.cpp; path = Employee.cpp; sourceTree = "<group>"; };
		FE4B067B1A3A2E210067F49C /* Employee.h */ = {isa = PBXFileReference; fileEncoding = 4; lastKnownFileType = sourcecode.c.h; path = Employee.h; sourceTree = "<group>"; };
		FE4B067C1A3A2E210067F49C /* main.cpp */ = {isa = PBXFileReference; fileEncoding = 4; lastKnownFileType = sourcecode.cpp.cpp; path = main.cpp; sourceTree = "<group>"; };
		FE4B067D1A3A2E210067F49C /* Prob1Random.cpp */ = {isa = PBXFileReference; fileEncoding = 4; lastKnownFileType = sourcecode.cpp.cpp; path = Prob1Random.cpp; sourceTree = "<group>"; };
		FE4B067E1A3A2E210067F49C /* Prob1Random.h */ = {isa = PBXFileReference; fileEncoding = 4; lastKnownFileType = sourcecode.c.h; path = Prob1Random.h; sourceTree = "<group>"; };
		FE4B067F1A3A2E210067F49C /* Prob2Sort.h */ = {isa = PBXFileReference; fileEncoding = 4; lastKnownFileType = sourcecode.c.h; path = Prob2Sort.h; sourceTree = "<group>"; };
		FE4B06801A3A2E210067F49C /* Prob3Table.h */ = {isa = PBXFileReference; fileEncoding = 4; lastKnownFileType = sourcecode.c.h; path = Prob3Table.h; sourceTree = "<group>"; };
		FE4B06811A3A2E210067F49C /* Prob3TableInherited.h */ = {isa = PBXFileReference; fileEncoding = 4; lastKnownFileType = sourcecode.c.h; path = Prob3TableInherited.h; sourceTree = "<group>"; };
		FE4B06821A3A2E210067F49C /* Problem2.txt */ = {isa = PBXFileReference; fileEncoding = 4; lastKnownFileType = text; path = Problem2.txt; sourceTree = "<group>"; };
		FE4B06831A3A2E210067F49C /* Problem3.txt */ = {isa = PBXFileReference; fileEncoding = 4; lastKnownFileType = text; path = Problem3.txt; sourceTree = "<group>"; };
		FE4B06841A3A2E210067F49C /* SavingsAccount.cpp */ = {isa = PBXFileReference; fileEncoding = 4; lastKnownFileType = sourcecode.cpp.cpp; path = SavingsAccount.cpp; sourceTree = "<group>"; };
		FE4B06851A3A2E210067F49C /* SavingsAccount.h */ = {isa = PBXFileReference; fileEncoding = 4; lastKnownFileType = sourcecode.c.h; path = SavingsAccount.h; sourceTree = "<group>"; };
/* End PBXFileReference section */

/* Begin PBXFrameworksBuildPhase section */
		FE4B063E1A368B950067F49C /* Frameworks */ = {
			isa = PBXFrameworksBuildPhase;
			buildActionMask = 2147483647;
			files = (
			);
			runOnlyForDeploymentPostprocessing = 0;
		};
/* End PBXFrameworksBuildPhase section */

/* Begin PBXGroup section */
		FE4B06381A368B950067F49C = {
			isa = PBXGroup;
			children = (
				FE4B06431A368B950067F49C /* Final */,
				FE4B06421A368B950067F49C /* Products */,
			);
			sourceTree = "<group>";
		};
		FE4B06421A368B950067F49C /* Products */ = {
			isa = PBXGroup;
			children = (
				FE4B06411A368B950067F49C /* Final */,
			);
			name = Products;
			sourceTree = "<group>";
		};
		FE4B06431A368B950067F49C /* Final */ = {
			isa = PBXGroup;
			children = (
				FE4B067C1A3A2E210067F49C /* main.cpp */,
				FE4B067A1A3A2E210067F49C /* Employee.cpp */,
				FE4B067B1A3A2E210067F49C /* Employee.h */,
				FE4B067D1A3A2E210067F49C /* Prob1Random.cpp */,
				FE4B067E1A3A2E210067F49C /* Prob1Random.h */,
				FE4B067F1A3A2E210067F49C /* Prob2Sort.h */,
				FE4B06801A3A2E210067F49C /* Prob3Table.h */,
				FE4B06811A3A2E210067F49C /* Prob3TableInherited.h */,
				FE4B06821A3A2E210067F49C /* Problem2.txt */,
				FE4B06831A3A2E210067F49C /* Problem3.txt */,
				FE4B06841A3A2E210067F49C /* SavingsAccount.cpp */,
				FE4B06851A3A2E210067F49C /* SavingsAccount.h */,
			);
			path = Final;
			sourceTree = "<group>";
		};
/* End PBXGroup section */

/* Begin PBXNativeTarget section */
		FE4B06401A368B950067F49C /* Final */ = {
			isa = PBXNativeTarget;
			buildConfigurationList = FE4B06481A368B950067F49C /* Build configuration list for PBXNativeTarget "Final" */;
			buildPhases = (
				FE4B063D1A368B950067F49C /* Sources */,
				FE4B063E1A368B950067F49C /* Frameworks */,
				FE4B063F1A368B950067F49C /* CopyFiles */,
			);
			buildRules = (
			);
			dependencies = (
			);
			name = Final;
			productName = Final;
			productReference = FE4B06411A368B950067F49C /* Final */;
			productType = "com.apple.product-type.tool";
		};
/* End PBXNativeTarget section */

/* Begin PBXProject section */
		FE4B06391A368B950067F49C /* Project object */ = {
			isa = PBXProject;
			attributes = {
				LastUpgradeCheck = 0610;
				ORGANIZATIONNAME = "Juan Ruiz";
				TargetAttributes = {
					FE4B06401A368B950067F49C = {
						CreatedOnToolsVersion = 6.1.1;
					};
				};
			};
			buildConfigurationList = FE4B063C1A368B950067F49C /* Build configuration list for PBXProject "Final" */;
			compatibilityVersion = "Xcode 3.2";
			developmentRegion = English;
			hasScannedForEncodings = 0;
			knownRegions = (
				en,
			);
			mainGroup = FE4B06381A368B950067F49C;
			productRefGroup = FE4B06421A368B950067F49C /* Products */;
			projectDirPath = "";
			projectRoot = "";
			targets = (
				FE4B06401A368B950067F49C /* Final */,
			);
		};
/* End PBXProject section */

/* Begin PBXSourcesBuildPhase section */
		FE4B063D1A368B950067F49C /* Sources */ = {
			isa = PBXSourcesBuildPhase;
			buildActionMask = 2147483647;
			files = (
				FE4B06881A3A2E210067F49C /* Prob1Random.cpp in Sources */,
				FE4B06871A3A2E210067F49C /* main.cpp in Sources */,
				FE4B06861A3A2E210067F49C /* Employee.cpp in Sources */,
				FE4B06891A3A2E210067F49C /* SavingsAccount.cpp in Sources */,
			);
			runOnlyForDeploymentPostprocessing = 0;
		};
/* End PBXSourcesBuildPhase section */

/* Begin XCBuildConfiguration section */
		FE4B06461A368B950067F49C /* Debug */ = {
			isa = XCBuildConfiguration;
			buildSettings = {
				ALWAYS_SEARCH_USER_PATHS = NO;
				CLANG_CXX_LANGUAGE_STANDARD = "gnu++0x";
				CLANG_CXX_LIBRARY = "libc++";
				CLANG_ENABLE_MODULES = YES;
				CLANG_ENABLE_OBJC_ARC = YES;
				CLANG_WARN_BOOL_CONVERSION = YES;
				CLANG_WARN_CONSTANT_CONVERSION = YES;
				CLANG_WARN_DIRECT_OBJC_ISA_USAGE = YES_ERROR;
				CLANG_WARN_EMPTY_BODY = YES;
				CLANG_WARN_ENUM_CONVERSION = YES;
				CLANG_WARN_INT_CONVERSION = YES;
				CLANG_WARN_OBJC_ROOT_CLASS = YES_ERROR;
				CLANG_WARN_UNREACHABLE_CODE = YES;
				CLANG_WARN__DUPLICATE_METHOD_MATCH = YES;
				COPY_PHASE_STRIP = NO;
				ENABLE_STRICT_OBJC_MSGSEND = YES;
				GCC_C_LANGUAGE_STANDARD = gnu99;
				GCC_DYNAMIC_NO_PIC = NO;
				GCC_OPTIMIZATION_LEVEL = 0;
				GCC_PREPROCESSOR_DEFINITIONS = (
					"DEBUG=1",
					"$(inherited)",
				);
				GCC_SYMBOLS_PRIVATE_EXTERN = NO;
				GCC_WARN_64_TO_32_BIT_CONVERSION = YES;
				GCC_WARN_ABOUT_RETURN_TYPE = YES_ERROR;
				GCC_WARN_UNDECLARED_SELECTOR = YES;
				GCC_WARN_UNINITIALIZED_AUTOS = YES_AGGRESSIVE;
				GCC_WARN_UNUSED_FUNCTION = YES;
				GCC_WARN_UNUSED_VARIABLE = YES;
				MACOSX_DEPLOYMENT_TARGET = 10.10;
				MTL_ENABLE_DEBUG_INFO = YES;
				ONLY_ACTIVE_ARCH = YES;
				SDKROOT = macosx;
			};
			name = Debug;
		};
		FE4B06471A368B950067F49C /* Release */ = {
			isa = XCBuildConfiguration;
			buildSettings = {
				ALWAYS_SEARCH_USER_PATHS = NO;
				CLANG_CXX_LANGUAGE_STANDARD = "gnu++0x";
				CLANG_CXX_LIBRARY = "libc++";
				CLANG_ENABLE_MODULES = YES;
				CLANG_ENABLE_OBJC_ARC = YES;
				CLANG_WARN_BOOL_CONVERSION = YES;
				CLANG_WARN_CONSTANT_CONVERSION = YES;
				CLANG_WARN_DIRECT_OBJC_ISA_USAGE = YES_ERROR;
				CLANG_WARN_EMPTY_BODY = YES;
				CLANG_WARN_ENUM_CONVERSION = YES;
				CLANG_WARN_INT_CONVERSION = YES;
				CLANG_WARN_OBJC_ROOT_CLASS = YES_ERROR;
				CLANG_WARN_UNREACHABLE_CODE = YES;
				CLANG_WARN__DUPLICATE_METHOD_MATCH = YES;
				COPY_PHASE_STRIP = YES;
				DEBUG_INFORMATION_FORMAT = "dwarf-with-dsym";
				ENABLE_NS_ASSERTIONS = NO;
				ENABLE_STRICT_OBJC_MSGSEND = YES;
				GCC_C_LANGUAGE_STANDARD = gnu99;
				GCC_WARN_64_TO_32_BIT_CONVERSION = YES;
				GCC_WARN_ABOUT_RETURN_TYPE = YES_ERROR;
				GCC_WARN_UNDECLARED_SELECTOR = YES;
				GCC_WARN_UNINITIALIZED_AUTOS = YES_AGGRESSIVE;
				GCC_WARN_UNUSED_FUNCTION = YES;
				GCC_WARN_UNUSED_VARIABLE = YES;
				MACOSX_DEPLOYMENT_TARGET = 10.10;
				MTL_ENABLE_DEBUG_INFO = NO;
				SDKROOT = macosx;
			};
			name = Release;
		};
		FE4B06491A368B950067F49C /* Debug */ = {
			isa = XCBuildConfiguration;
			buildSettings = {
				PRODUCT_NAME = "$(TARGET_NAME)";
			};
			name = Debug;
		};
		FE4B064A1A368B950067F49C /* Release */ = {
			isa = XCBuildConfiguration;
			buildSettings = {
				PRODUCT_NAME = "$(TARGET_NAME)";
			};
			name = Release;
		};
/* End XCBuildConfiguration section */

/* Begin XCConfigurationList section */
		FE4B063C1A368B950067F49C /* Build configuration list for PBXProject "Final" */ = {
			isa = XCConfigurationList;
			buildConfigurations = (
				FE4B06461A368B950067F49C /* Debug */,
				FE4B06471A368B950067F49C /* Release */,
			);
			defaultConfigurationIsVisible = 0;
			defaultConfigurationName = Release;
		};
		FE4B06481A368B950067F49C /* Build configuration list for PBXNativeTarget "Final" */ = {
			isa = XCConfigurationList;
			buildConfigurations = (
				FE4B06491A368B950067F49C /* Debug */,
				FE4B064A1A368B950067F49C /* Release */,
			);
			defaultConfigurationIsVisible = 0;
			defaultConfigurationName = Release;
		};
/* End XCConfigurationList section */
	};
	rootObject = FE4B06391A368B950067F49C /* Project object */;
}
